
Microsoft Visual Studio Solution File, Format Version 12.00
# Visual Studio Version 17
VisualStudioVersion = 17.14.37628.2 d17.14
MinimumVisualStudioVersion = 10.0.40219.1
Project("{FAE04EC0-301F-11D3-BF4B-00C04F79EFBC}") = "iRoute", "iRoute.csproj", "{097E4EE0-07F4-406E-B051-4570431C34B4}"
EndProject
Global
	GlobalSection(SolutionConfigurationPlatforms) = preSolution
		Debug|Any CPU = Debug|Any CPU
		Release|Any CPU = Release|Any CPU
	EndGlobalSection
	GlobalSection(ProjectConfigurationPlatforms) = postSolution
		{097E4EE0-07F4-406E-B051-4570431C34B4}.Debug|Any CPU.ActiveCfg = Debug|Any CPU
		{097E4EE0-07F4-406E-B051-4570431C34B4}.Debug|Any CPU.Build.0 = Debug|Any CPU
		{097E4EE0-07F4-406E-B051-4570431C34B4}.Release|Any CPU.ActiveCfg = Release|Any CPU
		{097E4EE0-07F4-406E-B051-4570431C34B4}.Release|Any CPU.Build.0 = Release|Any CPU
	EndGlobalSection
	GlobalSection(SolutionProperties) = preSolution
		HideSolutionNode = FALSE
	EndGlobalSection
	GlobalSection(ExtensibilityGlobals) = postSolution
		SolutionGuid = {FE5E7143-4DA6-442A-BB93-A8604357D3E6}
	EndGlobalSection
EndGlobal
